// !$*UTF8*$!
{
	archiveVersion = 1;
	classes = {
	};
	objectVersion = 46;
	objects = {

/* Begin PBXBuildFile section */
		2F2E203894049E337956AEA1 /* BQTableViewCellWithSegmentedControl.m in Sources */ = {isa = PBXBuildFile; fileRef = 2F2E2808F5A0ACF4D01F96F9 /* BQTableViewCellWithSegmentedControl.m */; };
		2F2E205C08DAEF8C6D493DAE /* BQWelcomeView.m in Sources */ = {isa = PBXBuildFile; fileRef = 2F2E29F86D0A5F84E4629FE9 /* BQWelcomeView.m */; };
		2F2E2303518B3A35F5B04E3C /* BQComplimentViewController.m in Sources */ = {isa = PBXBuildFile; fileRef = 2F2E233CBEFA2CA59B93D600 /* BQComplimentViewController.m */; };
		2F2E2500B495CD483E4359AD /* BQComplimentView.m in Sources */ = {isa = PBXBuildFile; fileRef = 2F2E231FE5E1DEC378CCDA92 /* BQComplimentView.m */; };
		2F2E2AB6E99A42EB2A28647E /* BQWelcomeViewController.m in Sources */ = {isa = PBXBuildFile; fileRef = 2F2E29362B425DD95D28A529 /* BQWelcomeViewController.m */; };
		2F2E2C33AF735B6B0E38812E /* BQSettingsViewController.m in Sources */ = {isa = PBXBuildFile; fileRef = 2F2E25E348092194C9924A41 /* BQSettingsViewController.m */; };
		2F2E2CFF7DE8EF149CB76182 /* BQTableViewCellWithSwitch.m in Sources */ = {isa = PBXBuildFile; fileRef = 2F2E2CE23B4BF591EBD5AA42 /* BQTableViewCellWithSwitch.m */; };
		2F2E2D7A17E1FA245DDFF1BC /* UITableView+BQ.m in Sources */ = {isa = PBXBuildFile; fileRef = 2F2E239C94BBB20E2D35281B /* UITableView+BQ.m */; };
		2F2E2DFF8064CC9DA598BD3C /* BQObjectManager.m in Sources */ = {isa = PBXBuildFile; fileRef = 2F2E29AA8852751293D04F9E /* BQObjectManager.m */; };
		2F2E2E95C84878D5C4648CBF /* BQAppDelegate+Navigation.m in Sources */ = {isa = PBXBuildFile; fileRef = 2F2E294571253F357B028F89 /* BQAppDelegate+Navigation.m */; };
		2F2E2FF07E014CDB2831482E /* BQCompliment.m in Sources */ = {isa = PBXBuildFile; fileRef = 2F2E2436CE6E767F2F23E78D /* BQCompliment.m */; };
		831B5184196048B50035BE47 /* libRestKit.a in Frameworks */ = {isa = PBXBuildFile; fileRef = 831B517B196048190035BE47 /* libRestKit.a */; };
		831B518A196048B50035BE47 /* CFNetwork.framework in Frameworks */ = {isa = PBXBuildFile; fileRef = 831B5185196048B50035BE47 /* CFNetwork.framework */; };
		831B518B196048B50035BE47 /* CoreData.framework in Frameworks */ = {isa = PBXBuildFile; fileRef = 831B5186196048B50035BE47 /* CoreData.framework */; };
		831B518C196048B50035BE47 /* MobileCoreServices.framework in Frameworks */ = {isa = PBXBuildFile; fileRef = 831B5187196048B50035BE47 /* MobileCoreServices.framework */; };
		831B518D196048B50035BE47 /* Security.framework in Frameworks */ = {isa = PBXBuildFile; fileRef = 831B5188196048B50035BE47 /* Security.framework */; };
		831B518E196048B50035BE47 /* SystemConfiguration.framework in Frameworks */ = {isa = PBXBuildFile; fileRef = 831B5189196048B50035BE47 /* SystemConfiguration.framework */; };
		831B519519604B9F0035BE47 /* bouquet.xcdatamodeld in Sources */ = {isa = PBXBuildFile; fileRef = 831B519319604B9F0035BE47 /* bouquet.xcdatamodeld */; };
		83F979D51957347100AE1A06 /* Foundation.framework in Frameworks */ = {isa = PBXBuildFile; fileRef = 83F979D41957347100AE1A06 /* Foundation.framework */; };
		83F979D71957347100AE1A06 /* CoreGraphics.framework in Frameworks */ = {isa = PBXBuildFile; fileRef = 83F979D61957347100AE1A06 /* CoreGraphics.framework */; };
		83F979D91957347100AE1A06 /* UIKit.framework in Frameworks */ = {isa = PBXBuildFile; fileRef = 83F979D81957347100AE1A06 /* UIKit.framework */; };
		83F979DF1957347100AE1A06 /* InfoPlist.strings in Resources */ = {isa = PBXBuildFile; fileRef = 83F979DD1957347100AE1A06 /* InfoPlist.strings */; };
		83F979E11957347100AE1A06 /* main.m in Sources */ = {isa = PBXBuildFile; fileRef = 83F979E01957347100AE1A06 /* main.m */; };
		83F979E51957347100AE1A06 /* BQAppDelegate.m in Sources */ = {isa = PBXBuildFile; fileRef = 83F979E41957347100AE1A06 /* BQAppDelegate.m */; };
		83F979E71957347100AE1A06 /* Images.xcassets in Resources */ = {isa = PBXBuildFile; fileRef = 83F979E61957347100AE1A06 /* Images.xcassets */; };
/* End PBXBuildFile section */

/* Begin PBXContainerItemProxy section */
		831B517A196048190035BE47 /* PBXContainerItemProxy */ = {
			isa = PBXContainerItemProxy;
			containerPortal = 831B5173196048190035BE47 /* RestKit.xcodeproj */;
			proxyType = 2;
			remoteGlobalIDString = 25160D1614564E810060A5C5;
			remoteInfo = RestKit;
		};
		831B517C196048190035BE47 /* PBXContainerItemProxy */ = {
			isa = PBXContainerItemProxy;
			containerPortal = 831B5173196048190035BE47 /* RestKit.xcodeproj */;
			proxyType = 2;
			remoteGlobalIDString = 25160D2614564E820060A5C5;
			remoteInfo = RestKitTests;
		};
		831B517E196048190035BE47 /* PBXContainerItemProxy */ = {
			isa = PBXContainerItemProxy;
			containerPortal = 831B5173196048190035BE47 /* RestKit.xcodeproj */;
			proxyType = 2;
			remoteGlobalIDString = 25160E62145651060060A5C5;
			remoteInfo = RestKitFramework;
		};
		831B5180196048190035BE47 /* PBXContainerItemProxy */ = {
			isa = PBXContainerItemProxy;
			containerPortal = 831B5173196048190035BE47 /* RestKit.xcodeproj */;
			proxyType = 2;
			remoteGlobalIDString = 25160E78145651060060A5C5;
			remoteInfo = RestKitFrameworkTests;
		};
		831B5182196048900035BE47 /* PBXContainerItemProxy */ = {
			isa = PBXContainerItemProxy;
			containerPortal = 831B5173196048190035BE47 /* RestKit.xcodeproj */;
			proxyType = 1;
			remoteGlobalIDString = 25160D1514564E810060A5C5;
			remoteInfo = RestKit;
		};
/* End PBXContainerItemProxy section */

/* Begin PBXFileReference section */
		2F2E20CBC0FA9E4ED7406869 /* UITableView+BQ.h */ = {isa = PBXFileReference; fileEncoding = 4; lastKnownFileType = sourcecode.c.h; path = "UITableView+BQ.h"; sourceTree = "<group>"; };
		2F2E20E90C4349A5AA496954 /* BQSettingsViewController.h */ = {isa = PBXFileReference; fileEncoding = 4; lastKnownFileType = sourcecode.c.h; path = BQSettingsViewController.h; sourceTree = "<group>"; };
		2F2E231FE5E1DEC378CCDA92 /* BQComplimentView.m */ = {isa = PBXFileReference; fileEncoding = 4; lastKnownFileType = sourcecode.c.objc; path = BQComplimentView.m; sourceTree = "<group>"; };
		2F2E233CBEFA2CA59B93D600 /* BQComplimentViewController.m */ = {isa = PBXFileReference; fileEncoding = 4; lastKnownFileType = sourcecode.c.objc; path = BQComplimentViewController.m; sourceTree = "<group>"; };
		2F2E239C94BBB20E2D35281B /* UITableView+BQ.m */ = {isa = PBXFileReference; fileEncoding = 4; lastKnownFileType = sourcecode.c.objc; path = "UITableView+BQ.m"; sourceTree = "<group>"; };
		2F2E2404E064CF7EE73D5592 /* BQWelcomeView.h */ = {isa = PBXFileReference; fileEncoding = 4; lastKnownFileType = sourcecode.c.h; path = BQWelcomeView.h; sourceTree = "<group>"; };
		2F2E2436CE6E767F2F23E78D /* BQCompliment.m */ = {isa = PBXFileReference; fileEncoding = 4; lastKnownFileType = sourcecode.c.objc; path = BQCompliment.m; sourceTree = "<group>"; };
		2F2E244B4E944658F221567C /* BQCompliment.h */ = {isa = PBXFileReference; fileEncoding = 4; lastKnownFileType = sourcecode.c.h; path = BQCompliment.h; sourceTree = "<group>"; };
		2F2E247BDD5E10DBF5C1618F /* BQComplimentDataSource.h */ = {isa = PBXFileReference; fileEncoding = 4; lastKnownFileType = sourcecode.c.h; path = BQComplimentDataSource.h; sourceTree = "<group>"; };
		2F2E25E348092194C9924A41 /* BQSettingsViewController.m */ = {isa = PBXFileReference; fileEncoding = 4; lastKnownFileType = sourcecode.c.objc; path = BQSettingsViewController.m; sourceTree = "<group>"; };
		2F2E2685C17ED8E666937BA5 /* BQMacro.h */ = {isa = PBXFileReference; fileEncoding = 4; lastKnownFileType = sourcecode.c.h; path = BQMacro.h; sourceTree = "<group>"; };
		2F2E27E6C5C362A406EEDF9B /* BQComplimentView.h */ = {isa = PBXFileReference; fileEncoding = 4; lastKnownFileType = sourcecode.c.h; path = BQComplimentView.h; sourceTree = "<group>"; };
		2F2E2808F5A0ACF4D01F96F9 /* BQTableViewCellWithSegmentedControl.m */ = {isa = PBXFileReference; fileEncoding = 4; lastKnownFileType = sourcecode.c.objc; path = BQTableViewCellWithSegmentedControl.m; sourceTree = "<group>"; };
		2F2E29362B425DD95D28A529 /* BQWelcomeViewController.m */ = {isa = PBXFileReference; fileEncoding = 4; lastKnownFileType = sourcecode.c.objc; path = BQWelcomeViewController.m; sourceTree = "<group>"; };
		2F2E294571253F357B028F89 /* BQAppDelegate+Navigation.m */ = {isa = PBXFileReference; fileEncoding = 4; lastKnownFileType = sourcecode.c.objc; path = "BQAppDelegate+Navigation.m"; sourceTree = "<group>"; };
		2F2E29812DA04162D3F3D2B4 /* BQSettingsDataSource.h */ = {isa = PBXFileReference; fileEncoding = 4; lastKnownFileType = sourcecode.c.h; path = BQSettingsDataSource.h; sourceTree = "<group>"; };
		2F2E29AA8852751293D04F9E /* BQObjectManager.m */ = {isa = PBXFileReference; fileEncoding = 4; lastKnownFileType = sourcecode.c.objc; path = BQObjectManager.m; sourceTree = "<group>"; };
		2F2E29BEB2852E38CE083BC8 /* BQTableViewCellWithSwitch.h */ = {isa = PBXFileReference; fileEncoding = 4; lastKnownFileType = sourcecode.c.h; path = BQTableViewCellWithSwitch.h; sourceTree = "<group>"; };
		2F2E29F86D0A5F84E4629FE9 /* BQWelcomeView.m */ = {isa = PBXFileReference; fileEncoding = 4; lastKnownFileType = sourcecode.c.objc; path = BQWelcomeView.m; sourceTree = "<group>"; };
		2F2E2B0778FFC37DA2A46C46 /* BQTableViewCellWithSegmentedControl.h */ = {isa = PBXFileReference; fileEncoding = 4; lastKnownFileType = sourcecode.c.h; path = BQTableViewCellWithSegmentedControl.h; sourceTree = "<group>"; };
		2F2E2B25310E382EB6215EE4 /* BQWelcomeViewController.h */ = {isa = PBXFileReference; fileEncoding = 4; lastKnownFileType = sourcecode.c.h; path = BQWelcomeViewController.h; sourceTree = "<group>"; };
		2F2E2B32F31753A76470A573 /* BQAppDelegate+Navigation.h */ = {isa = PBXFileReference; fileEncoding = 4; lastKnownFileType = sourcecode.c.h; path = "BQAppDelegate+Navigation.h"; sourceTree = "<group>"; };
		2F2E2B38E5C8767E469C7546 /* BQObjectManager.h */ = {isa = PBXFileReference; fileEncoding = 4; lastKnownFileType = sourcecode.c.h; path = BQObjectManager.h; sourceTree = "<group>"; };
		2F2E2BACAC38BA0A4F78F257 /* BQComplimentViewController.h */ = {isa = PBXFileReference; fileEncoding = 4; lastKnownFileType = sourcecode.c.h; path = BQComplimentViewController.h; sourceTree = "<group>"; };
		2F2E2CB60EC71AA89E0A742E /* BQSex.h */ = {isa = PBXFileReference; fileEncoding = 4; lastKnownFileType = sourcecode.c.h; path = BQSex.h; sourceTree = "<group>"; };
		2F2E2CE23B4BF591EBD5AA42 /* BQTableViewCellWithSwitch.m */ = {isa = PBXFileReference; fileEncoding = 4; lastKnownFileType = sourcecode.c.objc; path = BQTableViewCellWithSwitch.m; sourceTree = "<group>"; };
		831B5173196048190035BE47 /* RestKit.xcodeproj */ = {isa = PBXFileReference; lastKnownFileType = "wrapper.pb-project"; name = RestKit.xcodeproj; path = Submodules/RestKit/RestKit.xcodeproj; sourceTree = "<group>"; };
		831B5185196048B50035BE47 /* CFNetwork.framework */ = {isa = PBXFileReference; lastKnownFileType = wrapper.framework; name = CFNetwork.framework; path = System/Library/Frameworks/CFNetwork.framework; sourceTree = SDKROOT; };
		831B5186196048B50035BE47 /* CoreData.framework */ = {isa = PBXFileReference; lastKnownFileType = wrapper.framework; name = CoreData.framework; path = System/Library/Frameworks/CoreData.framework; sourceTree = SDKROOT; };
		831B5187196048B50035BE47 /* MobileCoreServices.framework */ = {isa = PBXFileReference; lastKnownFileType = wrapper.framework; name = MobileCoreServices.framework; path = System/Library/Frameworks/MobileCoreServices.framework; sourceTree = SDKROOT; };
		831B5188196048B50035BE47 /* Security.framework */ = {isa = PBXFileReference; lastKnownFileType = wrapper.framework; name = Security.framework; path = System/Library/Frameworks/Security.framework; sourceTree = SDKROOT; };
		831B5189196048B50035BE47 /* SystemConfiguration.framework */ = {isa = PBXFileReference; lastKnownFileType = wrapper.framework; name = SystemConfiguration.framework; path = System/Library/Frameworks/SystemConfiguration.framework; sourceTree = SDKROOT; };
		831B519419604B9F0035BE47 /* bouquet.xcdatamodel */ = {isa = PBXFileReference; lastKnownFileType = wrapper.xcdatamodel; path = bouquet.xcdatamodel; sourceTree = "<group>"; };
		83F979D11957347100AE1A06 /* Bouquet.app */ = {isa = PBXFileReference; explicitFileType = wrapper.application; includeInIndex = 0; path = Bouquet.app; sourceTree = BUILT_PRODUCTS_DIR; };
		83F979D41957347100AE1A06 /* Foundation.framework */ = {isa = PBXFileReference; lastKnownFileType = wrapper.framework; name = Foundation.framework; path = System/Library/Frameworks/Foundation.framework; sourceTree = SDKROOT; };
		83F979D61957347100AE1A06 /* CoreGraphics.framework */ = {isa = PBXFileReference; lastKnownFileType = wrapper.framework; name = CoreGraphics.framework; path = System/Library/Frameworks/CoreGraphics.framework; sourceTree = SDKROOT; };
		83F979D81957347100AE1A06 /* UIKit.framework */ = {isa = PBXFileReference; lastKnownFileType = wrapper.framework; name = UIKit.framework; path = System/Library/Frameworks/UIKit.framework; sourceTree = SDKROOT; };
		83F979DC1957347100AE1A06 /* Bouquet-Info.plist */ = {isa = PBXFileReference; lastKnownFileType = text.plist.xml; path = "Bouquet-Info.plist"; sourceTree = "<group>"; };
		83F979DE1957347100AE1A06 /* en */ = {isa = PBXFileReference; lastKnownFileType = text.plist.strings; name = en; path = en.lproj/InfoPlist.strings; sourceTree = "<group>"; };
		83F979E01957347100AE1A06 /* main.m */ = {isa = PBXFileReference; lastKnownFileType = sourcecode.c.objc; path = main.m; sourceTree = "<group>"; };
		83F979E21957347100AE1A06 /* Bouquet-Prefix.pch */ = {isa = PBXFileReference; lastKnownFileType = sourcecode.c.h; path = "Bouquet-Prefix.pch"; sourceTree = "<group>"; };
		83F979E31957347100AE1A06 /* BQAppDelegate.h */ = {isa = PBXFileReference; lastKnownFileType = sourcecode.c.h; path = BQAppDelegate.h; sourceTree = "<group>"; };
		83F979E41957347100AE1A06 /* BQAppDelegate.m */ = {isa = PBXFileReference; lastKnownFileType = sourcecode.c.objc; path = BQAppDelegate.m; sourceTree = "<group>"; };
		83F979E61957347100AE1A06 /* Images.xcassets */ = {isa = PBXFileReference; lastKnownFileType = folder.assetcatalog; path = Images.xcassets; sourceTree = "<group>"; };
		83F979ED1957347100AE1A06 /* XCTest.framework */ = {isa = PBXFileReference; lastKnownFileType = wrapper.framework; name = XCTest.framework; path = Library/Frameworks/XCTest.framework; sourceTree = DEVELOPER_DIR; };
/* End PBXFileReference section */

/* Begin PBXFrameworksBuildPhase section */
		83F979CE1957347100AE1A06 /* Frameworks */ = {
			isa = PBXFrameworksBuildPhase;
			buildActionMask = 2147483647;
			files = (
				831B518A196048B50035BE47 /* CFNetwork.framework in Frameworks */,
				831B518B196048B50035BE47 /* CoreData.framework in Frameworks */,
				831B518C196048B50035BE47 /* MobileCoreServices.framework in Frameworks */,
				831B518D196048B50035BE47 /* Security.framework in Frameworks */,
				831B518E196048B50035BE47 /* SystemConfiguration.framework in Frameworks */,
				831B5184196048B50035BE47 /* libRestKit.a in Frameworks */,
				83F979D71957347100AE1A06 /* CoreGraphics.framework in Frameworks */,
				83F979D91957347100AE1A06 /* UIKit.framework in Frameworks */,
				83F979D51957347100AE1A06 /* Foundation.framework in Frameworks */,
			);
			runOnlyForDeploymentPostprocessing = 0;
		};
/* End PBXFrameworksBuildPhase section */

/* Begin PBXGroup section */
		2F2E22A592154752C689C6F9 /* Common */ = {
			isa = PBXGroup;
			children = (
				2F2E2685C17ED8E666937BA5 /* BQMacro.h */,
			);
			path = Common;
			sourceTree = "<group>";
		};
		2F2E23B70FEBD307D0A3FF93 /* Settings */ = {
			isa = PBXGroup;
			children = (
				2F2E20E90C4349A5AA496954 /* BQSettingsViewController.h */,
				2F2E25E348092194C9924A41 /* BQSettingsViewController.m */,
			);
			path = Settings;
			sourceTree = "<group>";
		};
		2F2E2402CD65BB6224D87539 /* Cells */ = {
			isa = PBXGroup;
			children = (
				2F2E29BEB2852E38CE083BC8 /* BQTableViewCellWithSwitch.h */,
				2F2E2CE23B4BF591EBD5AA42 /* BQTableViewCellWithSwitch.m */,
				2F2E2B0778FFC37DA2A46C46 /* BQTableViewCellWithSegmentedControl.h */,
				2F2E2808F5A0ACF4D01F96F9 /* BQTableViewCellWithSegmentedControl.m */,
			);
			path = Cells;
			sourceTree = "<group>";
		};
		2F2E27312577718150E3D4A4 /* Extensions */ = {
			isa = PBXGroup;
			children = (
				2F2E20CBC0FA9E4ED7406869 /* UITableView+BQ.h */,
				2F2E239C94BBB20E2D35281B /* UITableView+BQ.m */,
			);
			path = Extensions;
			sourceTree = "<group>";
		};
		2F2E2790F9D1CADCE30888EC /* Entities */ = {
			isa = PBXGroup;
			children = (
				2F2E244B4E944658F221567C /* BQCompliment.h */,
				2F2E2436CE6E767F2F23E78D /* BQCompliment.m */,
			);
			path = Entities;
			sourceTree = "<group>";
		};
		2F2E2865F4615E647B307318 /* Welcome */ = {
			isa = PBXGroup;
			children = (
				2F2E2B25310E382EB6215EE4 /* BQWelcomeViewController.h */,
				2F2E29362B425DD95D28A529 /* BQWelcomeViewController.m */,
				2F2E2404E064CF7EE73D5592 /* BQWelcomeView.h */,
				2F2E29F86D0A5F84E4629FE9 /* BQWelcomeView.m */,
			);
			path = Welcome;
			sourceTree = "<group>";
		};
		2F2E2CD75B276BC105A22085 /* Logic */ = {
			isa = PBXGroup;
			children = (
				2F2E2790F9D1CADCE30888EC /* Entities */,
				2F2E2B38E5C8767E469C7546 /* BQObjectManager.h */,
				2F2E29AA8852751293D04F9E /* BQObjectManager.m */,
				2F2E247BDD5E10DBF5C1618F /* BQComplimentDataSource.h */,
				2F2E2CB60EC71AA89E0A742E /* BQSex.h */,
				2F2E29812DA04162D3F3D2B4 /* BQSettingsDataSource.h */,
			);
			path = Logic;
			sourceTree = "<group>";
		};
		2F2E2E5CD691954D0665C9C8 /* Controllers */ = {
			isa = PBXGroup;
			children = (
				2F2E2865F4615E647B307318 /* Welcome */,
				2F2E2EC7D400B688E497E111 /* Compliment */,
				2F2E23B70FEBD307D0A3FF93 /* Settings */,
			);
			path = Controllers;
			sourceTree = "<group>";
		};
		2F2E2EC7D400B688E497E111 /* Compliment */ = {
			isa = PBXGroup;
			children = (
				2F2E2BACAC38BA0A4F78F257 /* BQComplimentViewController.h */,
				2F2E233CBEFA2CA59B93D600 /* BQComplimentViewController.m */,
				2F2E27E6C5C362A406EEDF9B /* BQComplimentView.h */,
				2F2E231FE5E1DEC378CCDA92 /* BQComplimentView.m */,
			);
			path = Compliment;
			sourceTree = "<group>";
		};
		831B5171196047D80035BE47 /* Submodules */ = {
			isa = PBXGroup;
			children = (
				831B5172196047DF0035BE47 /* RestKit */,
			);
			name = Submodules;
			sourceTree = "<group>";
		};
		831B5172196047DF0035BE47 /* RestKit */ = {
			isa = PBXGroup;
			children = (
				831B5173196048190035BE47 /* RestKit.xcodeproj */,
			);
			name = RestKit;
			sourceTree = "<group>";
		};
		831B5174196048190035BE47 /* Products */ = {
			isa = PBXGroup;
			children = (
				831B517B196048190035BE47 /* libRestKit.a */,
				831B517D196048190035BE47 /* RestKitTests.octest */,
				831B517F196048190035BE47 /* RestKit.framework */,
				831B5181196048190035BE47 /* RestKitFrameworkTests.octest */,
			);
			name = Products;
			sourceTree = "<group>";
		};
		83F979C81957347000AE1A06 = {
			isa = PBXGroup;
			children = (
				83F979DA1957347100AE1A06 /* Bouquet */,
				831B5171196047D80035BE47 /* Submodules */,
				83F979D31957347100AE1A06 /* Frameworks */,
				83F979D21957347100AE1A06 /* Products */,
			);
			sourceTree = "<group>";
		};
		83F979D21957347100AE1A06 /* Products */ = {
			isa = PBXGroup;
			children = (
				83F979D11957347100AE1A06 /* Bouquet.app */,
			);
			name = Products;
			sourceTree = "<group>";
		};
		83F979D31957347100AE1A06 /* Frameworks */ = {
			isa = PBXGroup;
			children = (
				831B5185196048B50035BE47 /* CFNetwork.framework */,
				831B5186196048B50035BE47 /* CoreData.framework */,
				831B5187196048B50035BE47 /* MobileCoreServices.framework */,
				831B5188196048B50035BE47 /* Security.framework */,
				831B5189196048B50035BE47 /* SystemConfiguration.framework */,
				83F979D41957347100AE1A06 /* Foundation.framework */,
				83F979D61957347100AE1A06 /* CoreGraphics.framework */,
				83F979D81957347100AE1A06 /* UIKit.framework */,
				83F979ED1957347100AE1A06 /* XCTest.framework */,
			);
			name = Frameworks;
			sourceTree = "<group>";
		};
		83F979DA1957347100AE1A06 /* Bouquet */ = {
			isa = PBXGroup;
			children = (
				2F2E22A592154752C689C6F9 /* Common */,
				2F2E27312577718150E3D4A4 /* Extensions */,
				2F2E2CD75B276BC105A22085 /* Logic */,
				2F2E2402CD65BB6224D87539 /* Cells */,
				2F2E2E5CD691954D0665C9C8 /* Controllers */,
				83F979E31957347100AE1A06 /* BQAppDelegate.h */,
				83F979E41957347100AE1A06 /* BQAppDelegate.m */,
				2F2E2B32F31753A76470A573 /* BQAppDelegate+Navigation.h */,
				2F2E294571253F357B028F89 /* BQAppDelegate+Navigation.m */,
				831B519319604B9F0035BE47 /* bouquet.xcdatamodeld */,
				83F979DB1957347100AE1A06 /* Supporting Files */,
				83F979E61957347100AE1A06 /* Images.xcassets */,
			);
			path = Bouquet;
			sourceTree = "<group>";
		};
		83F979DB1957347100AE1A06 /* Supporting Files */ = {
			isa = PBXGroup;
			children = (
				83F979DC1957347100AE1A06 /* Bouquet-Info.plist */,
				83F979DD1957347100AE1A06 /* InfoPlist.strings */,
				83F979E01957347100AE1A06 /* main.m */,
				83F979E21957347100AE1A06 /* Bouquet-Prefix.pch */,
			);
			name = "Supporting Files";
			sourceTree = "<group>";
		};
/* End PBXGroup section */

/* Begin PBXNativeTarget section */
		83F979D01957347100AE1A06 /* Bouquet */ = {
			isa = PBXNativeTarget;
			buildConfigurationList = 83F979FD1957347100AE1A06 /* Build configuration list for PBXNativeTarget "Bouquet" */;
			buildPhases = (
				83F979CD1957347100AE1A06 /* Sources */,
				83F979CE1957347100AE1A06 /* Frameworks */,
				83F979CF1957347100AE1A06 /* Resources */,
			);
			buildRules = (
			);
			dependencies = (
				831B5183196048900035BE47 /* PBXTargetDependency */,
			);
			name = Bouquet;
			productName = Bouquet;
			productReference = 83F979D11957347100AE1A06 /* Bouquet.app */;
			productType = "com.apple.product-type.application";
		};
/* End PBXNativeTarget section */

/* Begin PBXProject section */
		83F979C91957347000AE1A06 /* Project object */ = {
			isa = PBXProject;
			attributes = {
				CLASSPREFIX = BQ;
				LastUpgradeCheck = 0510;
				ORGANIZATIONNAME = vasialionia;
			};
			buildConfigurationList = 83F979CC1957347000AE1A06 /* Build configuration list for PBXProject "Bouquet" */;
			compatibilityVersion = "Xcode 3.2";
			developmentRegion = English;
			hasScannedForEncodings = 0;
			knownRegions = (
				en,
			);
			mainGroup = 83F979C81957347000AE1A06;
			productRefGroup = 83F979D21957347100AE1A06 /* Products */;
			projectDirPath = "";
			projectReferences = (
				{
					ProductGroup = 831B5174196048190035BE47 /* Products */;
					ProjectRef = 831B5173196048190035BE47 /* RestKit.xcodeproj */;
				},
			);
			projectRoot = "";
			targets = (
				83F979D01957347100AE1A06 /* Bouquet */,
			);
		};
/* End PBXProject section */

/* Begin PBXReferenceProxy section */
		831B517B196048190035BE47 /* libRestKit.a */ = {
			isa = PBXReferenceProxy;
			fileType = archive.ar;
			path = libRestKit.a;
			remoteRef = 831B517A196048190035BE47 /* PBXContainerItemProxy */;
			sourceTree = BUILT_PRODUCTS_DIR;
		};
		831B517D196048190035BE47 /* RestKitTests.octest */ = {
			isa = PBXReferenceProxy;
			fileType = wrapper.cfbundle;
			path = RestKitTests.octest;
			remoteRef = 831B517C196048190035BE47 /* PBXContainerItemProxy */;
			sourceTree = BUILT_PRODUCTS_DIR;
		};
		831B517F196048190035BE47 /* RestKit.framework */ = {
			isa = PBXReferenceProxy;
			fileType = wrapper.framework;
			path = RestKit.framework;
			remoteRef = 831B517E196048190035BE47 /* PBXContainerItemProxy */;
			sourceTree = BUILT_PRODUCTS_DIR;
		};
		831B5181196048190035BE47 /* RestKitFrameworkTests.octest */ = {
			isa = PBXReferenceProxy;
			fileType = wrapper.cfbundle;
			path = RestKitFrameworkTests.octest;
			remoteRef = 831B5180196048190035BE47 /* PBXContainerItemProxy */;
			sourceTree = BUILT_PRODUCTS_DIR;
		};
/* End PBXReferenceProxy section */

/* Begin PBXResourcesBuildPhase section */
		83F979CF1957347100AE1A06 /* Resources */ = {
			isa = PBXResourcesBuildPhase;
			buildActionMask = 2147483647;
			files = (
				83F979DF1957347100AE1A06 /* InfoPlist.strings in Resources */,
				83F979E71957347100AE1A06 /* Images.xcassets in Resources */,
			);
			runOnlyForDeploymentPostprocessing = 0;
		};
/* End PBXResourcesBuildPhase section */

/* Begin PBXSourcesBuildPhase section */
		83F979CD1957347100AE1A06 /* Sources */ = {
			isa = PBXSourcesBuildPhase;
			buildActionMask = 2147483647;
			files = (
				83F979E11957347100AE1A06 /* main.m in Sources */,
				83F979E51957347100AE1A06 /* BQAppDelegate.m in Sources */,
				2F2E2AB6E99A42EB2A28647E /* BQWelcomeViewController.m in Sources */,
				2F2E205C08DAEF8C6D493DAE /* BQWelcomeView.m in Sources */,
				2F2E2E95C84878D5C4648CBF /* BQAppDelegate+Navigation.m in Sources */,
				2F2E2303518B3A35F5B04E3C /* BQComplimentViewController.m in Sources */,
				2F2E2500B495CD483E4359AD /* BQComplimentView.m in Sources */,
				2F2E2C33AF735B6B0E38812E /* BQSettingsViewController.m in Sources */,
				2F2E2D7A17E1FA245DDFF1BC /* UITableView+BQ.m in Sources */,
				831B519519604B9F0035BE47 /* bouquet.xcdatamodeld in Sources */,
				2F2E2CFF7DE8EF149CB76182 /* BQTableViewCellWithSwitch.m in Sources */,
				2F2E203894049E337956AEA1 /* BQTableViewCellWithSegmentedControl.m in Sources */,
				2F2E2FF07E014CDB2831482E /* BQCompliment.m in Sources */,
				2F2E2DFF8064CC9DA598BD3C /* BQObjectManager.m in Sources */,
			);
			runOnlyForDeploymentPostprocessing = 0;
		};
/* End PBXSourcesBuildPhase section */

/* Begin PBXTargetDependency section */
		831B5183196048900035BE47 /* PBXTargetDependency */ = {
			isa = PBXTargetDependency;
			name = RestKit;
			targetProxy = 831B5182196048900035BE47 /* PBXContainerItemProxy */;
		};
/* End PBXTargetDependency section */

/* Begin PBXVariantGroup section */
		83F979DD1957347100AE1A06 /* InfoPlist.strings */ = {
			isa = PBXVariantGroup;
			children = (
				83F979DE1957347100AE1A06 /* en */,
			);
			name = InfoPlist.strings;
			sourceTree = "<group>";
		};
/* End PBXVariantGroup section */

/* Begin XCBuildConfiguration section */
		83F979FB1957347100AE1A06 /* Debug */ = {
			isa = XCBuildConfiguration;
			buildSettings = {
				ALWAYS_SEARCH_USER_PATHS = NO;
				CLANG_CXX_LANGUAGE_STANDARD = "gnu++0x";
				CLANG_CXX_LIBRARY = "libc++";
				CLANG_ENABLE_MODULES = YES;
				CLANG_ENABLE_OBJC_ARC = YES;
				CLANG_WARN_BOOL_CONVERSION = YES;
				CLANG_WARN_CONSTANT_CONVERSION = YES;
				CLANG_WARN_DIRECT_OBJC_ISA_USAGE = YES_ERROR;
				CLANG_WARN_EMPTY_BODY = YES;
				CLANG_WARN_ENUM_CONVERSION = YES;
				CLANG_WARN_INT_CONVERSION = YES;
				CLANG_WARN_OBJC_ROOT_CLASS = YES_ERROR;
				CLANG_WARN__DUPLICATE_METHOD_MATCH = YES;
				COPY_PHASE_STRIP = NO;
				GCC_C_LANGUAGE_STANDARD = gnu99;
				GCC_DYNAMIC_NO_PIC = NO;
				GCC_OPTIMIZATION_LEVEL = 0;
				GCC_PREPROCESSOR_DEFINITIONS = (
					"DEBUG=1",
					"$(inherited)",
				);
				GCC_SYMBOLS_PRIVATE_EXTERN = NO;
				GCC_WARN_64_TO_32_BIT_CONVERSION = YES;
				GCC_WARN_ABOUT_RETURN_TYPE = YES_ERROR;
				GCC_WARN_UNDECLARED_SELECTOR = YES;
				GCC_WARN_UNINITIALIZED_AUTOS = YES_AGGRESSIVE;
				GCC_WARN_UNUSED_FUNCTION = YES;
				GCC_WARN_UNUSED_VARIABLE = YES;
				IPHONEOS_DEPLOYMENT_TARGET = 7.0;
				ONLY_ACTIVE_ARCH = YES;
				SDKROOT = iphoneos;
				TARGETED_DEVICE_FAMILY = "1,2";
			};
			name = Debug;
		};
		83F979FC1957347100AE1A06 /* Release */ = {
			isa = XCBuildConfiguration;
			buildSettings = {
				ALWAYS_SEARCH_USER_PATHS = NO;
				CLANG_CXX_LANGUAGE_STANDARD = "gnu++0x";
				CLANG_CXX_LIBRARY = "libc++";
				CLANG_ENABLE_MODULES = YES;
				CLANG_ENABLE_OBJC_ARC = YES;
				CLANG_WARN_BOOL_CONVERSION = YES;
				CLANG_WARN_CONSTANT_CONVERSION = YES;
				CLANG_WARN_DIRECT_OBJC_ISA_USAGE = YES_ERROR;
				CLANG_WARN_EMPTY_BODY = YES;
				CLANG_WARN_ENUM_CONVERSION = YES;
				CLANG_WARN_INT_CONVERSION = YES;
				CLANG_WARN_OBJC_ROOT_CLASS = YES_ERROR;
				CLANG_WARN__DUPLICATE_METHOD_MATCH = YES;
				COPY_PHASE_STRIP = YES;
				ENABLE_NS_ASSERTIONS = NO;
				GCC_C_LANGUAGE_STANDARD = gnu99;
				GCC_WARN_64_TO_32_BIT_CONVERSION = YES;
				GCC_WARN_ABOUT_RETURN_TYPE = YES_ERROR;
				GCC_WARN_UNDECLARED_SELECTOR = YES;
				GCC_WARN_UNINITIALIZED_AUTOS = YES_AGGRESSIVE;
				GCC_WARN_UNUSED_FUNCTION = YES;
				GCC_WARN_UNUSED_VARIABLE = YES;
				IPHONEOS_DEPLOYMENT_TARGET = 7.0;
				SDKROOT = iphoneos;
				TARGETED_DEVICE_FAMILY = "1,2";
				VALIDATE_PRODUCT = YES;
			};
			name = Release;
		};
		83F979FE1957347100AE1A06 /* Debug */ = {
			isa = XCBuildConfiguration;
			buildSettings = {
				ASSETCATALOG_COMPILER_APPICON_NAME = AppIcon;
				ASSETCATALOG_COMPILER_LAUNCHIMAGE_NAME = LaunchImage;
				FRAMEWORK_SEARCH_PATHS = "$(PROJECT_DIR)";
				GCC_PRECOMPILE_PREFIX_HEADER = YES;
				GCC_PREFIX_HEADER = "Bouquet/Bouquet-Prefix.pch";
				HEADER_SEARCH_PATHS = (
					"$(inherited)",
					/Applications/Xcode.app/Contents/Developer/Toolchains/XcodeDefault.xctoolchain/usr/include,
					"$(BUILT_PRODUCTS_DIR)/../../Headers",
					"$(BUILT_PRODUCTS_DIR)/../../Headers/RestKit",
				);
				INFOPLIST_FILE = "Bouquet/Bouquet-Info.plist";
				OTHER_LDFLAGS = (
					"-ObjC",
					"-all_load",
				);
				PRODUCT_NAME = "$(TARGET_NAME)";
				WRAPPER_EXTENSION = app;
			};
			name = Debug;
		};
		83F979FF1957347100AE1A06 /* Release */ = {
			isa = XCBuildConfiguration;
			buildSettings = {
				ASSETCATALOG_COMPILER_APPICON_NAME = AppIcon;
				ASSETCATALOG_COMPILER_LAUNCHIMAGE_NAME = LaunchImage;
				FRAMEWORK_SEARCH_PATHS = "$(PROJECT_DIR)";
				GCC_PRECOMPILE_PREFIX_HEADER = YES;
				GCC_PREFIX_HEADER = "Bouquet/Bouquet-Prefix.pch";
				HEADER_SEARCH_PATHS = (
					"$(inherited)",
					/Applications/Xcode.app/Contents/Developer/Toolchains/XcodeDefault.xctoolchain/usr/include,
					"$(BUILT_PRODUCTS_DIR)/../../Headers",
					"$(BUILT_PRODUCTS_DIR)/../../Headers/RestKit",
				);
				INFOPLIST_FILE = "Bouquet/Bouquet-Info.plist";
				OTHER_LDFLAGS = (
					"-ObjC",
					"-all_load",
				);
				PRODUCT_NAME = "$(TARGET_NAME)";
				WRAPPER_EXTENSION = app;
			};
			name = Release;
		};
/* End XCBuildConfiguration section */

/* Begin XCConfigurationList section */
		83F979CC1957347000AE1A06 /* Build configuration list for PBXProject "Bouquet" */ = {
			isa = XCConfigurationList;
			buildConfigurations = (
				83F979FB1957347100AE1A06 /* Debug */,
				83F979FC1957347100AE1A06 /* Release */,
			);
			defaultConfigurationIsVisible = 0;
			defaultConfigurationName = Release;
		};
		83F979FD1957347100AE1A06 /* Build configuration list for PBXNativeTarget "Bouquet" */ = {
			isa = XCConfigurationList;
			buildConfigurations = (
				83F979FE1957347100AE1A06 /* Debug */,
				83F979FF1957347100AE1A06 /* Release */,
			);
			defaultConfigurationIsVisible = 0;
			defaultConfigurationName = Release;
		};
/* End XCConfigurationList section */

/* Begin XCVersionGroup section */
		831B519319604B9F0035BE47 /* bouquet.xcdatamodeld */ = {
			isa = XCVersionGroup;
			children = (
				831B519419604B9F0035BE47 /* bouquet.xcdatamodel */,
			);
			currentVersion = 831B519419604B9F0035BE47 /* bouquet.xcdatamodel */;
			path = bouquet.xcdatamodeld;
			sourceTree = "<group>";
			versionGroupType = wrapper.xcdatamodel;
		};
/* End XCVersionGroup section */
	};
	rootObject = 83F979C91957347000AE1A06 /* Project object */;
}
